
Microsoft Visual Studio Solution File, Format Version 12.00
# Visual Studio 15
Project("{FAE04EC0-301F-11D3-BF4B-00C04F79EFBC}") = "cawsmobileapp.Android", "cawsmobileapp.Android\cawsmobileapp.Android.csproj", "{CD8A22DF-7A41-4773-821F-8948441853EF}"
EndProject
Project("{FAE04EC0-301F-11D3-BF4B-00C04F79EFBC}") = "cawsmobileapp.iOS", "cawsmobileapp.iOS\cawsmobileapp.iOS.csproj", "{1EAD201E-C8FB-4339-9957-5693DD28A7AC}"
EndProject
Project("{FAE04EC0-301F-11D3-BF4B-00C04F79EFBC}") = "cawsmobileapp.UITests", "cawsmobileapp.UITests\cawsmobileapp.UITests.csproj", "{A1386604-149F-4CC8-B506-2429C7916208}"
EndProject
Project("{FAE04EC0-301F-11D3-BF4B-00C04F79EFBC}") = "cawsmobileapp", "cawsmobileapp\cawsmobileapp.csproj", "{A90A277F-80FB-49EA-8421-EAFC736E919F}"
EndProject
Global
	GlobalSection(SolutionConfigurationPlatforms) = preSolution
		Debug|Any CPU = Debug|Any CPU
		Release|Any CPU = Release|Any CPU
		Debug|iPhoneSimulator = Debug|iPhoneSimulator
		Release|iPhoneSimulator = Release|iPhoneSimulator
		Debug|iPhone = Debug|iPhone
		Release|iPhone = Release|iPhone
	EndGlobalSection
	GlobalSection(ProjectConfigurationPlatforms) = postSolution
		{CD8A22DF-7A41-4773-821F-8948441853EF}.Debug|Any CPU.ActiveCfg = Debug|Any CPU
		{CD8A22DF-7A41-4773-821F-8948441853EF}.Debug|Any CPU.Build.0 = Debug|Any CPU
		{CD8A22DF-7A41-4773-821F-8948441853EF}.Release|Any CPU.ActiveCfg = Release|Any CPU
		{CD8A22DF-7A41-4773-821F-8948441853EF}.Release|Any CPU.Build.0 = Release|Any CPU
		{CD8A22DF-7A41-4773-821F-8948441853EF}.Debug|iPhoneSimulator.ActiveCfg = Debug|Any CPU
		{CD8A22DF-7A41-4773-821F-8948441853EF}.Debug|iPhoneSimulator.Build.0 = Debug|Any CPU
		{CD8A22DF-7A41-4773-821F-8948441853EF}.Release|iPhoneSimulator.ActiveCfg = Release|Any CPU
		{CD8A22DF-7A41-4773-821F-8948441853EF}.Release|iPhoneSimulator.Build.0 = Release|Any CPU
		{CD8A22DF-7A41-4773-821F-8948441853EF}.Debug|iPhone.ActiveCfg = Debug|Any CPU
		{CD8A22DF-7A41-4773-821F-8948441853EF}.Debug|iPhone.Build.0 = Debug|Any CPU
		{CD8A22DF-7A41-4773-821F-8948441853EF}.Release|iPhone.ActiveCfg = Release|Any CPU
		{CD8A22DF-7A41-4773-821F-8948441853EF}.Release|iPhone.Build.0 = Release|Any CPU
		{1EAD201E-C8FB-4339-9957-5693DD28A7AC}.Debug|Any CPU.ActiveCfg = Debug|iPhoneSimulator
		{1EAD201E-C8FB-4339-9957-5693DD28A7AC}.Debug|Any CPU.Build.0 = Debug|iPhoneSimulator
		{1EAD201E-C8FB-4339-9957-5693DD28A7AC}.Release|Any CPU.ActiveCfg = Release|iPhoneSimulator
		{1EAD201E-C8FB-4339-9957-5693DD28A7AC}.Release|Any CPU.Build.0 = Release|iPhoneSimulator
		{1EAD201E-C8FB-4339-9957-5693DD28A7AC}.Debug|iPhoneSimulator.ActiveCfg = Debug|iPhoneSimulator
		{1EAD201E-C8FB-4339-9957-5693DD28A7AC}.Debug|iPhoneSimulator.Build.0 = Debug|iPhoneSimulator
		{1EAD201E-C8FB-4339-9957-5693DD28A7AC}.Release|iPhoneSimulator.ActiveCfg = Release|iPhoneSimulator
		{1EAD201E-C8FB-4339-9957-5693DD28A7AC}.Release|iPhoneSimulator.Build.0 = Release|iPhoneSimulator
		{1EAD201E-C8FB-4339-9957-5693DD28A7AC}.Debug|iPhone.ActiveCfg = Debug|iPhone
		{1EAD201E-C8FB-4339-9957-5693DD28A7AC}.Debug|iPhone.Build.0 = Debug|iPhone
		{1EAD201E-C8FB-4339-9957-5693DD28A7AC}.Release|iPhone.ActiveCfg = Release|iPhone
		{1EAD201E-C8FB-4339-9957-5693DD28A7AC}.Release|iPhone.Build.0 = Release|iPhone
		{A1386604-149F-4CC8-B506-2429C7916208}.Debug|Any CPU.ActiveCfg = Debug|Any CPU
		{A1386604-149F-4CC8-B506-2429C7916208}.Debug|Any CPU.Build.0 = Debug|Any CPU
		{A1386604-149F-4CC8-B506-2429C7916208}.Release|Any CPU.ActiveCfg = Release|Any CPU
		{A1386604-149F-4CC8-B506-2429C7916208}.Release|Any CPU.Build.0 = Release|Any CPU
		{A1386604-149F-4CC8-B506-2429C7916208}.Debug|iPhoneSimulator.ActiveCfg = Debug|Any CPU
		{A1386604-149F-4CC8-B506-2429C7916208}.Debug|iPhoneSimulator.Build.0 = Debug|Any CPU
		{A1386604-149F-4CC8-B506-2429C7916208}.Release|iPhoneSimulator.ActiveCfg = Release|Any CPU
		{A1386604-149F-4CC8-B506-2429C7916208}.Release|iPhoneSimulator.Build.0 = Release|Any CPU
		{A1386604-149F-4CC8-B506-2429C7916208}.Debug|iPhone.ActiveCfg = Debug|Any CPU
		{A1386604-149F-4CC8-B506-2429C7916208}.Debug|iPhone.Build.0 = Debug|Any CPU
		{A1386604-149F-4CC8-B506-2429C7916208}.Release|iPhone.ActiveCfg = Release|Any CPU
		{A1386604-149F-4CC8-B506-2429C7916208}.Release|iPhone.Build.0 = Release|Any CPU
		{A90A277F-80FB-49EA-8421-EAFC736E919F}.Debug|Any CPU.ActiveCfg = Debug|Any CPU
		{A90A277F-80FB-49EA-8421-EAFC736E919F}.Debug|Any CPU.Build.0 = Debug|Any CPU
		{A90A277F-80FB-49EA-8421-EAFC736E919F}.Release|Any CPU.ActiveCfg = Release|Any CPU
		{A90A277F-80FB-49EA-8421-EAFC736E919F}.Release|Any CPU.Build.0 = Release|Any CPU
		{A90A277F-80FB-49EA-8421-EAFC736E919F}.Debug|iPhoneSimulator.ActiveCfg = Debug|Any CPU
		{A90A277F-80FB-49EA-8421-EAFC736E919F}.Debug|iPhoneSimulator.Build.0 = Debug|Any CPU
		{A90A277F-80FB-49EA-8421-EAFC736E919F}.Release|iPhoneSimulator.ActiveCfg = Release|Any CPU
		{A90A277F-80FB-49EA-8421-EAFC736E919F}.Release|iPhoneSimulator.Build.0 = Release|Any CPU
		{A90A277F-80FB-49EA-8421-EAFC736E919F}.Debug|iPhone.ActiveCfg = Debug|Any CPU
		{A90A277F-80FB-49EA-8421-EAFC736E919F}.Debug|iPhone.Build.0 = Debug|Any CPU
		{A90A277F-80FB-49EA-8421-EAFC736E919F}.Release|iPhone.ActiveCfg = Release|Any CPU
		{A90A277F-80FB-49EA-8421-EAFC736E919F}.Release|iPhone.Build.0 = Release|Any CPU
	EndGlobalSection
EndGlobal
